
Microsoft Visual Studio Solution File, Format Version 12.00
# Visual Studio Version 17
VisualStudioVersion = 17.0.31903.59
MinimumVisualStudioVersion = 10.0.40219.1
Project("{9A19103F-16F7-4668-BE54-9A1E7A4F7556}") = "2021", "2021\2021.csproj", "{F9F62199-BAE4-4760-BEC2-8ADF3833B291}"
EndProject
Global
	GlobalSection(SolutionConfigurationPlatforms) = preSolution
		Debug|Any CPU = Debug|Any CPU
		Release|Any CPU = Release|Any CPU
	EndGlobalSection
	GlobalSection(ProjectConfigurationPlatforms) = postSolution
		{F9F62199-BAE4-4760-BEC2-8ADF3833B291}.Debug|Any CPU.ActiveCfg = Debug|Any CPU
		{F9F62199-BAE4-4760-BEC2-8ADF3833B291}.Debug|Any CPU.Build.0 = Debug|Any CPU
		{F9F62199-BAE4-4760-BEC2-8ADF3833B291}.Release|Any CPU.ActiveCfg = Release|Any CPU
		{F9F62199-BAE4-4760-BEC2-8ADF3833B291}.Release|Any CPU.Build.0 = Release|Any CPU
	EndGlobalSection
	GlobalSection(SolutionProperties) = preSolution
		HideSolutionNode = FALSE
	EndGlobalSection
	GlobalSection(ExtensibilityGlobals) = postSolution
		SolutionGuid = {4E17CDBF-704A-49C7-8007-8F4958554A34}
	EndGlobalSection
EndGlobal
