
Microsoft Visual Studio Solution File, Format Version 12.00
# Visual Studio Version 17
VisualStudioVersion = 17.4.33122.133
MinimumVisualStudioVersion = 10.0.40219.1
Project("{9A19103F-16F7-4668-BE54-9A1E7A4F7556}") = "2022", "2022\2022.csproj", "{BDF38D7E-675D-42B2-955B-EC707B689A2D}"
EndProject
Project("{9A19103F-16F7-4668-BE54-9A1E7A4F7556}") = "BenchMarking", "BenchMarking\BenchMarking.csproj", "{C4D8CB42-AC61-4CA5-B1FA-418E78273528}"
EndProject
Project("{FAE04EC0-301F-11D3-BF4B-00C04F79EFBC}") = "2018", "2018\2018.csproj", "{4D12D8A4-E2EA-4B32-B473-B20563342514}"
EndProject
Global
	GlobalSection(SolutionConfigurationPlatforms) = preSolution
		Debug|Any CPU = Debug|Any CPU
		Release|Any CPU = Release|Any CPU
	EndGlobalSection
	GlobalSection(ProjectConfigurationPlatforms) = postSolution
		{BDF38D7E-675D-42B2-955B-EC707B689A2D}.Debug|Any CPU.ActiveCfg = Debug|Any CPU
		{BDF38D7E-675D-42B2-955B-EC707B689A2D}.Debug|Any CPU.Build.0 = Debug|Any CPU
		{BDF38D7E-675D-42B2-955B-EC707B689A2D}.Release|Any CPU.ActiveCfg = Release|Any CPU
		{BDF38D7E-675D-42B2-955B-EC707B689A2D}.Release|Any CPU.Build.0 = Release|Any CPU
		{C4D8CB42-AC61-4CA5-B1FA-418E78273528}.Debug|Any CPU.ActiveCfg = Debug|Any CPU
		{C4D8CB42-AC61-4CA5-B1FA-418E78273528}.Debug|Any CPU.Build.0 = Debug|Any CPU
		{C4D8CB42-AC61-4CA5-B1FA-418E78273528}.Release|Any CPU.ActiveCfg = Release|Any CPU
		{C4D8CB42-AC61-4CA5-B1FA-418E78273528}.Release|Any CPU.Build.0 = Release|Any CPU
		{4D12D8A4-E2EA-4B32-B473-B20563342514}.Debug|Any CPU.ActiveCfg = Debug|Any CPU
		{4D12D8A4-E2EA-4B32-B473-B20563342514}.Debug|Any CPU.Build.0 = Debug|Any CPU
		{4D12D8A4-E2EA-4B32-B473-B20563342514}.Release|Any CPU.ActiveCfg = Release|Any CPU
		{4D12D8A4-E2EA-4B32-B473-B20563342514}.Release|Any CPU.Build.0 = Release|Any CPU
	EndGlobalSection
	GlobalSection(SolutionProperties) = preSolution
		HideSolutionNode = FALSE
	EndGlobalSection
	GlobalSection(ExtensibilityGlobals) = postSolution
		SolutionGuid = {4E17CDBF-704A-49C7-8007-8F4958554A34}
	EndGlobalSection
EndGlobal
